
Microsoft Visual Studio Solution File, Format Version 12.00
# Visual Studio Version 17
VisualStudioVersion = 17.10.34928.147
MinimumVisualStudioVersion = 10.0.40219.1
Project("{FAE04EC0-301F-11D3-BF4B-00C04F79EFBC}") = "Listes", "Listes\Listes.csproj", "{BABFA5EA-93FF-42FC-8EAF-844B5F9EC0AA}"
EndProject
Global
	GlobalSection(SolutionConfigurationPlatforms) = preSolution
		Debug|Any CPU = Debug|Any CPU
		Release|Any CPU = Release|Any CPU
	EndGlobalSection
	GlobalSection(ProjectConfigurationPlatforms) = postSolution
		{BABFA5EA-93FF-42FC-8EAF-844B5F9EC0AA}.Debug|Any CPU.ActiveCfg = Debug|Any CPU
		{BABFA5EA-93FF-42FC-8EAF-844B5F9EC0AA}.Debug|Any CPU.Build.0 = Debug|Any CPU
		{BABFA5EA-93FF-42FC-8EAF-844B5F9EC0AA}.Release|Any CPU.ActiveCfg = Release|Any CPU
		{BABFA5EA-93FF-42FC-8EAF-844B5F9EC0AA}.Release|Any CPU.Build.0 = Release|Any CPU
	EndGlobalSection
	GlobalSection(SolutionProperties) = preSolution
		HideSolutionNode = FALSE
	EndGlobalSection
	GlobalSection(ExtensibilityGlobals) = postSolution
		SolutionGuid = {6B65E13B-ACF2-4DF0-8F61-02776BAC620D}
	EndGlobalSection
EndGlobal
